// !$*UTF8*$!
{
	archiveVersion = 1;
	classes = {
	};
	objectVersion = 50;
	objects = {

/* Begin PBXBuildFile section */
		6731D21D2214926F00C3364F /* Main2.storyboard in Resources */ = {isa = PBXBuildFile; fileRef = 6731D21B2214926F00C3364F /* Main2.storyboard */; };
		6731D2212214929600C3364F /* Viewdata.swift in Sources */ = {isa = PBXBuildFile; fileRef = 6731D21E2214929500C3364F /* Viewdata.swift */; };
		6731D2222214929600C3364F /* ViewController2.swift in Sources */ = {isa = PBXBuildFile; fileRef = 6731D21F2214929500C3364F /* ViewController2.swift */; };
		6731D2232214929600C3364F /* ViewControllerAdd.swift in Sources */ = {isa = PBXBuildFile; fileRef = 6731D2202214929500C3364F /* ViewControllerAdd.swift */; };
		E8F29D902210450E00BA04A1 /* AppDelegate.swift in Sources */ = {isa = PBXBuildFile; fileRef = E8F29D8F2210450E00BA04A1 /* AppDelegate.swift */; };
		E8F29D922210450E00BA04A1 /* ViewController.swift in Sources */ = {isa = PBXBuildFile; fileRef = E8F29D912210450E00BA04A1 /* ViewController.swift */; };
		E8F29D952210450E00BA04A1 /* Main.storyboard in Resources */ = {isa = PBXBuildFile; fileRef = E8F29D932210450E00BA04A1 /* Main.storyboard */; };
		E8F29D972210451300BA04A1 /* Assets.xcassets in Resources */ = {isa = PBXBuildFile; fileRef = E8F29D962210451300BA04A1 /* Assets.xcassets */; };
		E8F29D9A2210451300BA04A1 /* LaunchScreen.storyboard in Resources */ = {isa = PBXBuildFile; fileRef = E8F29D982210451300BA04A1 /* LaunchScreen.storyboard */; };
		E8F29DA2221049C300BA04A1 /* addViewController.swift in Sources */ = {isa = PBXBuildFile; fileRef = E8F29DA1221049C300BA04A1 /* addViewController.swift */; };
/* End PBXBuildFile section */

/* Begin PBXFileReference section */
		6731D21C2214926F00C3364F /* Base */ = {isa = PBXFileReference; lastKnownFileType = file.storyboard; name = Base; path = "../../RERere 2/RERere/Base.lproj/Main2.storyboard"; sourceTree = "<group>"; };
		6731D21E2214929500C3364F /* Viewdata.swift */ = {isa = PBXFileReference; fileEncoding = 4; lastKnownFileType = sourcecode.swift; name = Viewdata.swift; path = "../../RERere 2/RERere/Viewdata.swift"; sourceTree = "<group>"; };
		6731D21F2214929500C3364F /* ViewController2.swift */ = {isa = PBXFileReference; fileEncoding = 4; lastKnownFileType = sourcecode.swift; name = ViewController2.swift; path = "../../RERere 2/RERere/ViewController2.swift"; sourceTree = "<group>"; };
		6731D2202214929500C3364F /* ViewControllerAdd.swift */ = {isa = PBXFileReference; fileEncoding = 4; lastKnownFileType = sourcecode.swift; name = ViewControllerAdd.swift; path = "../../RERere 2/RERere/ViewControllerAdd.swift"; sourceTree = "<group>"; };
		E8F29D8C2210450E00BA04A1 /* learn1.app */ = {isa = PBXFileReference; explicitFileType = wrapper.application; includeInIndex = 0; path = learn1.app; sourceTree = BUILT_PRODUCTS_DIR; };
		E8F29D8F2210450E00BA04A1 /* AppDelegate.swift */ = {isa = PBXFileReference; lastKnownFileType = sourcecode.swift; path = AppDelegate.swift; sourceTree = "<group>"; };
		E8F29D912210450E00BA04A1 /* ViewController.swift */ = {isa = PBXFileReference; lastKnownFileType = sourcecode.swift; path = ViewController.swift; sourceTree = "<group>"; };
		E8F29D942210450E00BA04A1 /* Base */ = {isa = PBXFileReference; lastKnownFileType = file.storyboard; name = Base; path = Base.lproj/Main.storyboard; sourceTree = "<group>"; };
		E8F29D962210451300BA04A1 /* Assets.xcassets */ = {isa = PBXFileReference; lastKnownFileType = folder.assetcatalog; path = Assets.xcassets; sourceTree = "<group>"; };
		E8F29D992210451300BA04A1 /* Base */ = {isa = PBXFileReference; lastKnownFileType = file.storyboard; name = Base; path = Base.lproj/LaunchScreen.storyboard; sourceTree = "<group>"; };
		E8F29D9B2210451300BA04A1 /* Info.plist */ = {isa = PBXFileReference; lastKnownFileType = text.plist.xml; path = Info.plist; sourceTree = "<group>"; };
		E8F29DA1221049C300BA04A1 /* addViewController.swift */ = {isa = PBXFileReference; lastKnownFileType = sourcecode.swift; path = addViewController.swift; sourceTree = "<group>"; };
/* End PBXFileReference section */

/* Begin PBXFrameworksBuildPhase section */
		E8F29D892210450E00BA04A1 /* Frameworks */ = {
			isa = PBXFrameworksBuildPhase;
			buildActionMask = 2147483647;
			files = (
			);
			runOnlyForDeploymentPostprocessing = 0;
		};
/* End PBXFrameworksBuildPhase section */

/* Begin PBXGroup section */
		E8F29D832210450E00BA04A1 = {
			isa = PBXGroup;
			children = (
				E8F29D8E2210450E00BA04A1 /* learn1 */,
				E8F29D8D2210450E00BA04A1 /* Products */,
			);
			sourceTree = "<group>";
		};
		E8F29D8D2210450E00BA04A1 /* Products */ = {
			isa = PBXGroup;
			children = (
				E8F29D8C2210450E00BA04A1 /* learn1.app */,
			);
			name = Products;
			sourceTree = "<group>";
		};
		E8F29D8E2210450E00BA04A1 /* learn1 */ = {
			isa = PBXGroup;
			children = (
				E8F29D8F2210450E00BA04A1 /* AppDelegate.swift */,
				E8F29D912210450E00BA04A1 /* ViewController.swift */,
				6731D21F2214929500C3364F /* ViewController2.swift */,
				6731D2202214929500C3364F /* ViewControllerAdd.swift */,
				6731D21E2214929500C3364F /* Viewdata.swift */,
				E8F29D932210450E00BA04A1 /* Main.storyboard */,
				E8F29DA1221049C300BA04A1 /* addViewController.swift */,
				E8F29D962210451300BA04A1 /* Assets.xcassets */,
				E8F29D982210451300BA04A1 /* LaunchScreen.storyboard */,
				6731D21B2214926F00C3364F /* Main2.storyboard */,
				E8F29D9B2210451300BA04A1 /* Info.plist */,
			);
			path = learn1;
			sourceTree = "<group>";
		};
/* End PBXGroup section */

/* Begin PBXNativeTarget section */
		E8F29D8B2210450E00BA04A1 /* learn1 */ = {
			isa = PBXNativeTarget;
			buildConfigurationList = E8F29D9E2210451300BA04A1 /* Build configuration list for PBXNativeTarget "learn1" */;
			buildPhases = (
				E8F29D882210450E00BA04A1 /* Sources */,
				E8F29D892210450E00BA04A1 /* Frameworks */,
				E8F29D8A2210450E00BA04A1 /* Resources */,
			);
			buildRules = (
			);
			dependencies = (
			);
			name = learn1;
			productName = learn1;
			productReference = E8F29D8C2210450E00BA04A1 /* learn1.app */;
			productType = "com.apple.product-type.application";
		};
/* End PBXNativeTarget section */

/* Begin PBXProject section */
		E8F29D842210450E00BA04A1 /* Project object */ = {
			isa = PBXProject;
			attributes = {
				LastSwiftUpdateCheck = 1010;
				LastUpgradeCheck = 1010;
				ORGANIZATIONNAME = "Swift-Beginners";
				TargetAttributes = {
					E8F29D8B2210450E00BA04A1 = {
						CreatedOnToolsVersion = 10.1;
					};
				};
			};
			buildConfigurationList = E8F29D872210450E00BA04A1 /* Build configuration list for PBXProject "learn1" */;
			compatibilityVersion = "Xcode 9.3";
			developmentRegion = en;
			hasScannedForEncodings = 0;
			knownRegions = (
				en,
				Base,
			);
			mainGroup = E8F29D832210450E00BA04A1;
			productRefGroup = E8F29D8D2210450E00BA04A1 /* Products */;
			projectDirPath = "";
			projectRoot = "";
			targets = (
				E8F29D8B2210450E00BA04A1 /* learn1 */,
			);
		};
/* End PBXProject section */

/* Begin PBXResourcesBuildPhase section */
		E8F29D8A2210450E00BA04A1 /* Resources */ = {
			isa = PBXResourcesBuildPhase;
			buildActionMask = 2147483647;
			files = (
				E8F29D9A2210451300BA04A1 /* LaunchScreen.storyboard in Resources */,
				E8F29D972210451300BA04A1 /* Assets.xcassets in Resources */,
				6731D21D2214926F00C3364F /* Main2.storyboard in Resources */,
				E8F29D952210450E00BA04A1 /* Main.storyboard in Resources */,
			);
			runOnlyForDeploymentPostprocessing = 0;
		};
/* End PBXResourcesBuildPhase section */

/* Begin PBXSourcesBuildPhase section */
		E8F29D882210450E00BA04A1 /* Sources */ = {
			isa = PBXSourcesBuildPhase;
			buildActionMask = 2147483647;
			files = (
				6731D2222214929600C3364F /* ViewController2.swift in Sources */,
				E8F29D922210450E00BA04A1 /* ViewController.swift in Sources */,
				E8F29DA2221049C300BA04A1 /* addViewController.swift in Sources */,
				6731D2212214929600C3364F /* Viewdata.swift in Sources */,
				6731D2232214929600C3364F /* ViewControllerAdd.swift in Sources */,
				E8F29D902210450E00BA04A1 /* AppDelegate.swift in Sources */,
			);
			runOnlyForDeploymentPostprocessing = 0;
		};
/* End PBXSourcesBuildPhase section */

/* Begin PBXVariantGroup section */
		6731D21B2214926F00C3364F /* Main2.storyboard */ = {
			isa = PBXVariantGroup;
			children = (
				6731D21C2214926F00C3364F /* Base */,
			);
			name = Main2.storyboard;
			sourceTree = "<group>";
		};
		E8F29D932210450E00BA04A1 /* Main.storyboard */ = {
			isa = PBXVariantGroup;
			children = (
				E8F29D942210450E00BA04A1 /* Base */,
			);
			name = Main.storyboard;
			sourceTree = "<group>";
		};
		E8F29D982210451300BA04A1 /* LaunchScreen.storyboard */ = {
			isa = PBXVariantGroup;
			children = (
				E8F29D992210451300BA04A1 /* Base */,
			);
			name = LaunchScreen.storyboard;
			sourceTree = "<group>";
		};
/* End PBXVariantGroup section */

/* Begin XCBuildConfiguration section */
		E8F29D9C2210451300BA04A1 /* Debug */ = {
			isa = XCBuildConfiguration;
			buildSettings = {
				ALWAYS_SEARCH_USER_PATHS = NO;
				CLANG_ANALYZER_NONNULL = YES;
				CLANG_ANALYZER_NUMBER_OBJECT_CONVERSION = YES_AGGRESSIVE;
				CLANG_CXX_LANGUAGE_STANDARD = "gnu++14";
				CLANG_CXX_LIBRARY = "libc++";
				CLANG_ENABLE_MODULES = YES;
				CLANG_ENABLE_OBJC_ARC = YES;
				CLANG_ENABLE_OBJC_WEAK = YES;
				CLANG_WARN_BLOCK_CAPTURE_AUTORELEASING = YES;
				CLANG_WARN_BOOL_CONVERSION = YES;
				CLANG_WARN_COMMA = YES;
				CLANG_WARN_CONSTANT_CONVERSION = YES;
				CLANG_WARN_DEPRECATED_OBJC_IMPLEMENTATIONS = YES;
				CLANG_WARN_DIRECT_OBJC_ISA_USAGE = YES_ERROR;
				CLANG_WARN_DOCUMENTATION_COMMENTS = YES;
				CLANG_WARN_EMPTY_BODY = YES;
				CLANG_WARN_ENUM_CONVERSION = YES;
				CLANG_WARN_INFINITE_RECURSION = YES;
				CLANG_WARN_INT_CONVERSION = YES;
				CLANG_WARN_NON_LITERAL_NULL_CONVERSION = YES;
				CLANG_WARN_OBJC_IMPLICIT_RETAIN_SELF = YES;
				CLANG_WARN_OBJC_LITERAL_CONVERSION = YES;
				CLANG_WARN_OBJC_ROOT_CLASS = YES_ERROR;
				CLANG_WARN_RANGE_LOOP_ANALYSIS = YES;
				CLANG_WARN_STRICT_PROTOTYPES = YES;
				CLANG_WARN_SUSPICIOUS_MOVE = YES;
				CLANG_WARN_UNGUARDED_AVAILABILITY = YES_AGGRESSIVE;
				CLANG_WARN_UNREACHABLE_CODE = YES;
				CLANG_WARN__DUPLICATE_METHOD_MATCH = YES;
				CODE_SIGN_IDENTITY = "iPhone Developer";
				COPY_PHASE_STRIP = NO;
				DEBUG_INFORMATION_FORMAT = dwarf;
				ENABLE_STRICT_OBJC_MSGSEND = YES;
				ENABLE_TESTABILITY = YES;
				GCC_C_LANGUAGE_STANDARD = gnu11;
				GCC_DYNAMIC_NO_PIC = NO;
				GCC_NO_COMMON_BLOCKS = YES;
				GCC_OPTIMIZATION_LEVEL = 0;
				GCC_PREPROCESSOR_DEFINITIONS = (
					"DEBUG=1",
					"$(inherited)",
				);
				GCC_WARN_64_TO_32_BIT_CONVERSION = YES;
				GCC_WARN_ABOUT_RETURN_TYPE = YES_ERROR;
				GCC_WARN_UNDECLARED_SELECTOR = YES;
				GCC_WARN_UNINITIALIZED_AUTOS = YES_AGGRESSIVE;
				GCC_WARN_UNUSED_FUNCTION = YES;
				GCC_WARN_UNUSED_VARIABLE = YES;
				IPHONEOS_DEPLOYMENT_TARGET = 12.1;
				MTL_ENABLE_DEBUG_INFO = INCLUDE_SOURCE;
				MTL_FAST_MATH = YES;
				ONLY_ACTIVE_ARCH = YES;
				SDKROOT = iphoneos;
				SWIFT_ACTIVE_COMPILATION_CONDITIONS = DEBUG;
				SWIFT_OPTIMIZATION_LEVEL = "-Onone";
			};
			name = Debug;
		};
		E8F29D9D2210451300BA04A1 /* Release */ = {
			isa = XCBuildConfiguration;
			buildSettings = {
				ALWAYS_SEARCH_USER_PATHS = NO;
				CLANG_ANALYZER_NONNULL = YES;
				CLANG_ANALYZER_NUMBER_OBJECT_CONVERSION = YES_AGGRESSIVE;
				CLANG_CXX_LANGUAGE_STANDARD = "gnu++14";
				CLANG_CXX_LIBRARY = "libc++";
				CLANG_ENABLE_MODULES = YES;
				CLANG_ENABLE_OBJC_ARC = YES;
				CLANG_ENABLE_OBJC_WEAK = YES;
				CLANG_WARN_BLOCK_CAPTURE_AUTORELEASING = YES;
				CLANG_WARN_BOOL_CONVERSION = YES;
				CLANG_WARN_COMMA = YES;
				CLANG_WARN_CONSTANT_CONVERSION = YES;
				CLANG_WARN_DEPRECATED_OBJC_IMPLEMENTATIONS = YES;
				CLANG_WARN_DIRECT_OBJC_ISA_USAGE = YES_ERROR;
				CLANG_WARN_DOCUMENTATION_COMMENTS = YES;
				CLANG_WARN_EMPTY_BODY = YES;
				CLANG_WARN_ENUM_CONVERSION = YES;
				CLANG_WARN_INFINITE_RECURSION = YES;
				CLANG_WARN_INT_CONVERSION = YES;
				CLANG_WARN_NON_LITERAL_NULL_CONVERSION = YES;
				CLANG_WARN_OBJC_IMPLICIT_RETAIN_SELF = YES;
				CLANG_WARN_OBJC_LITERAL_CONVERSION = YES;
				CLANG_WARN_OBJC_ROOT_CLASS = YES_ERROR;
				CLANG_WARN_RANGE_LOOP_ANALYSIS = YES;
				CLANG_WARN_STRICT_PROTOTYPES = YES;
				CLANG_WARN_SUSPICIOUS_MOVE = YES;
				CLANG_WARN_UNGUARDED_AVAILABILITY = YES_AGGRESSIVE;
				CLANG_WARN_UNREACHABLE_CODE = YES;
				CLANG_WARN__DUPLICATE_METHOD_MATCH = YES;
				CODE_SIGN_IDENTITY = "iPhone Developer";
				COPY_PHASE_STRIP = NO;
				DEBUG_INFORMATION_FORMAT = "dwarf-with-dsym";
				ENABLE_NS_ASSERTIONS = NO;
				ENABLE_STRICT_OBJC_MSGSEND = YES;
				GCC_C_LANGUAGE_STANDARD = gnu11;
				GCC_NO_COMMON_BLOCKS = YES;
				GCC_WARN_64_TO_32_BIT_CONVERSION = YES;
				GCC_WARN_ABOUT_RETURN_TYPE = YES_ERROR;
				GCC_WARN_UNDECLARED_SELECTOR = YES;
				GCC_WARN_UNINITIALIZED_AUTOS = YES_AGGRESSIVE;
				GCC_WARN_UNUSED_FUNCTION = YES;
				GCC_WARN_UNUSED_VARIABLE = YES;
				IPHONEOS_DEPLOYMENT_TARGET = 12.1;
				MTL_ENABLE_DEBUG_INFO = NO;
				MTL_FAST_MATH = YES;
				SDKROOT = iphoneos;
				SWIFT_COMPILATION_MODE = wholemodule;
				SWIFT_OPTIMIZATION_LEVEL = "-O";
				VALIDATE_PRODUCT = YES;
			};
			name = Release;
		};
		E8F29D9F2210451300BA04A1 /* Debug */ = {
			isa = XCBuildConfiguration;
			buildSettings = {
				ASSETCATALOG_COMPILER_APPICON_NAME = AppIcon;
				CODE_SIGN_STYLE = Automatic;
				DEVELOPMENT_TEAM = 7DZ37K2A23;
				INFOPLIST_FILE = learn1/Info.plist;
				LD_RUNPATH_SEARCH_PATHS = (
					"$(inherited)",
					"@executable_path/Frameworks",
				);
				PRODUCT_BUNDLE_IDENTIFIER = com.gmail.poko787878.learn1;
				PRODUCT_NAME = "$(TARGET_NAME)";
				SWIFT_VERSION = 4.2;
				TARGETED_DEVICE_FAMILY = "1,2";
			};
			name = Debug;
		};
		E8F29DA02210451300BA04A1 /* Release */ = {
			isa = XCBuildConfiguration;
			buildSettings = {
				ASSETCATALOG_COMPILER_APPICON_NAME = AppIcon;
				CODE_SIGN_STYLE = Automatic;
				DEVELOPMENT_TEAM = 7DZ37K2A23;
				INFOPLIST_FILE = learn1/Info.plist;
				LD_RUNPATH_SEARCH_PATHS = (
					"$(inherited)",
					"@executable_path/Frameworks",
				);
				PRODUCT_BUNDLE_IDENTIFIER = com.gmail.poko787878.learn1;
				PRODUCT_NAME = "$(TARGET_NAME)";
				SWIFT_VERSION = 4.2;
				TARGETED_DEVICE_FAMILY = "1,2";
			};
			name = Release;
		};
/* End XCBuildConfiguration section */

/* Begin XCConfigurationList section */
		E8F29D872210450E00BA04A1 /* Build configuration list for PBXProject "learn1" */ = {
			isa = XCConfigurationList;
			buildConfigurations = (
				E8F29D9C2210451300BA04A1 /* Debug */,
				E8F29D9D2210451300BA04A1 /* Release */,
			);
			defaultConfigurationIsVisible = 0;
			defaultConfigurationName = Release;
		};
		E8F29D9E2210451300BA04A1 /* Build configuration list for PBXNativeTarget "learn1" */ = {
			isa = XCConfigurationList;
			buildConfigurations = (
				E8F29D9F2210451300BA04A1 /* Debug */,
				E8F29DA02210451300BA04A1 /* Release */,
			);
			defaultConfigurationIsVisible = 0;
			defaultConfigurationName = Release;
		};
/* End XCConfigurationList section */
	};
	rootObject = E8F29D842210450E00BA04A1 /* Project object */;
}
